<?xml version="1.0" encoding="utf-8"?>
<Project ToolsVersion="4.0" xmlns="http://schemas.microsoft.com/developer/msbuild/2003">
  <ItemGroup>
    <Filter Include="Statistic">
      <UniqueIdentifier>{6d174a7b-0e5b-4009-bf28-e05998ac813e}</UniqueIdentifier>
    </Filter>
    <Filter Include="Base">
      <UniqueIdentifier>{82ace603-2891-4516-9e50-c06a7face3fe}</UniqueIdentifier>
    </Filter>
  </ItemGroup>
  <ItemGroup>
    <ClCompile Include="Statistic.cpp">
      <Filter>Statistic</Filter>
    </ClCompile>
    <ClCompile Include="Statistic_Load.cpp">
      <Filter>Statistic</Filter>
    </ClCompile>
    <ClCompile Include="Statistic_Save.cpp">
      <Filter>Statistic</Filter>
    </ClCompile>
    <ClCompile Include="DbgOut.cpp">
      <Filter>Base</Filter>
    </ClCompile>
    <ClCompile Include="stdafx.cpp">
      <Filter>Base</Filter>
    </ClCompile>
    <ClCompile Include="xrStatisticConvert.cpp">
      <Filter>Base</Filter>
    </ClCompile>
  </ItemGroup>
  <ItemGroup>
    <ClInclude Include="Statistic.h">
      <Filter>Statistic</Filter>
    </ClInclude>
    <ClInclude Include="Definitions.h">
      <Filter>Base</Filter>
    </ClInclude>
    <ClInclude Include="stdafx.h">
      <Filter>Base</Filter>
    </ClInclude>
  </ItemGroup>
</Project>