<?xml version="1.0" encoding="utf-8"?>
<Project ToolsVersion="4.0" xmlns="http://schemas.microsoft.com/developer/msbuild/2003">
  <ItemGroup>
    <Filter Include="Kernel">
      <UniqueIdentifier>{5debd28c-4b24-43bf-b049-6811403d7649}</UniqueIdentifier>
    </Filter>
    <Filter Include="3DNow!">
      <UniqueIdentifier>{1320bb14-bb21-4879-90dc-505800c9c605}</UniqueIdentifier>
    </Filter>
    <Filter Include="SSE">
      <UniqueIdentifier>{99e8db62-adc3-4239-83e4-0c55b2fde7d3}</UniqueIdentifier>
    </Filter>
    <Filter Include="Generic x86">
      <UniqueIdentifier>{ff4d382f-c442-4d5e-8dd2-3d29cdd0bb88}</UniqueIdentifier>
    </Filter>
  </ItemGroup>
  <ItemGroup>
    <ClCompile Include="StdAfx.cpp">
      <Filter>Kernel</Filter>
    </ClCompile>
    <ClCompile Include="xrCPU_Pipe.cpp">
      <Filter>Kernel</Filter>
    </ClCompile>
    <ClCompile Include="3DNow!Lib.cpp">
      <Filter>3DNow!</Filter>
    </ClCompile>
    <ClCompile Include="xrBoneLerp_3DNow!.cpp">
      <Filter>3DNow!</Filter>
    </ClCompile>
    <ClCompile Include="xrM44mul_3DNow!.cpp">
      <Filter>3DNow!</Filter>
    </ClCompile>
    <ClCompile Include="xrMemCopy8_3DNow!.cpp">
      <Filter>3DNow!</Filter>
    </ClCompile>
    <ClCompile Include="xrMemFill32_3DNow!.cpp">
      <Filter>3DNow!</Filter>
    </ClCompile>
    <ClCompile Include="xrSkin1W_3DNow!.cpp">
      <Filter>3DNow!</Filter>
    </ClCompile>
    <ClCompile Include="xrSkin2W_3DNow!.cpp">
      <Filter>3DNow!</Filter>
    </ClCompile>
    <ClCompile Include="xrSkin1W_SSE.cpp">
      <Filter>SSE</Filter>
    </ClCompile>
    <ClCompile Include="xrSkin2W_SSE.cpp">
      <Filter>SSE</Filter>
    </ClCompile>
    <ClCompile Include="xrBoneLerp.cpp">
      <Filter>Generic x86</Filter>
    </ClCompile>
    <ClCompile Include="xrM44mul.cpp">
      <Filter>Generic x86</Filter>
    </ClCompile>
    <ClCompile Include="xrQuatSlerp.cpp">
      <Filter>Generic x86</Filter>
    </ClCompile>
    <ClCompile Include="xrSkin1W.cpp">
      <Filter>Generic x86</Filter>
    </ClCompile>
    <ClCompile Include="xrSkin2W.cpp">
      <Filter>Generic x86</Filter>
    </ClCompile>
    <ClCompile Include="xrTransfer.cpp">
      <Filter>Generic x86</Filter>
    </ClCompile>
  </ItemGroup>
  <ItemGroup>
    <ClInclude Include="StdAfx.h">
      <Filter>Kernel</Filter>
    </ClInclude>
    <ClInclude Include="xrCPU_Pipe.h">
      <Filter>Kernel</Filter>
    </ClInclude>
  </ItemGroup>
</Project>